{"1.2.0",
[{<<"base16">>,{pkg,<<"base16">>,<<"1.0.0">>},1},
 {<<"cowboy">>,
  {git,"https://github.com/ninenines/cowboy.git",
       {ref,"3ea8395eb8f53a57acb5d3c00b99c70296e7cdbd"}},
  0},
 {<<"cowlib">>,
  {git,"https://github.com/ninenines/cowlib",
       {ref,"1eb7f4293a652adcfe43b1835d22c58d8def839f"}},
  1},
 {<<"edown">>,
  {git,"https://github.com/uwiger/edown.git",
       {ref,"14404bffabc128df7c64abd636259a369c55b6bc"}},
  1},
 {<<"eini">>,{pkg,<<"eini">>,<<"1.2.4">>},1},
 {<<"erlcloud">>,
  {git,"https://github.com/erlcloud/erlcloud.git",
       {ref,"b70efdcdbac1f8723ae920b1731d512dd8eb9618"}},
  0},
 {<<"fqc">>,
  {git,"https://github.com/project-fifo/fqc.git",
       {ref,"883013e96408f98b29d016fa094b8ac7410c364e"}},
  1},
 {<<"gen_smtp">>,
  {git,"https://github.com/gen-smtp/gen_smtp.git",
       {ref,"da7893dbe5dc20f1d6137141a4ec49f910a7cef6"}},
  0},
 {<<"goldrush">>,{pkg,<<"goldrush">>,<<"0.1.9">>},1},
 {<<"hamcrest">>,
  {git,"https://github.com/hyperthunk/hamcrest-erlang",
       {ref,"0766ea004f7dd900c36b06aff14dbbac1d03b425"}},
  0},
 {<<"hdr_histogram">>,
  {git,"https://github.com/mzbench/hdr_histogram_erl.git",
       {ref,"0db52bf3ee58c247cf7227c48e3946cc34969c92"}},
  0},
 {<<"jiffy">>,
  {git,"https://github.com/davisp/jiffy.git",
       {ref,"9ea1b35b6e60ba21dfd4adbd18e7916a831fd7d4"}},
  0},
 {<<"jsx">>,{pkg,<<"jsx">>,<<"2.8.0">>},1},
 {<<"lager">>,
  {git,"https://github.com/erlang-lager/lager.git",
       {ref,"e6b31784e65b838a10d0a533f4b838da8029e402"}},
  0},
 {<<"lhttpc">>,{pkg,<<"lhttpc">>,<<"1.5.4">>},1},
 {<<"meck">>,
  {git,"https://github.com/eproxus/meck.git",
       {ref,"4ecc1ae9089edc6977e8c8c4cd41081513cc5590"}},
  0},
 {<<"mzbench_language">>,{rsync,"../common_apps/mzbench_language/"},0},
 {<<"mzbench_utils">>,{rsync,"../common_apps/mzbench_utils/"},0},
 {<<"pretty_errors">>,
  {git,"https://github.com/ethercrow/pretty_errors",
       {ref,"531d79b0057c3b08b8509b326b9bdaf663bf45ce"}},
  1},
 {<<"ranch">>,
  {git,"https://github.com/ninenines/ranch",
       {ref,"a692f44567034dacf5efcaa24a24183788594eb7"}},
  1}]}.
[
{pkg_hash,[
 {<<"base16">>, <<"283644E2B21BD5915ACB7178BED7851FB07C6E5749B8FAD68A53C501092176D9">>},
 {<<"eini">>, <<"ABD64A0533398A6D714D21219BB85F2D41FDB42665AC4080939B7BFA8E55F386">>},
 {<<"goldrush">>, <<"F06E5D5F1277DA5C413E84D5A2924174182FB108DABB39D5EC548B27424CD106">>},
 {<<"jsx">>, <<"749BEC6D205C694AE1786D62CEA6CC45A390437E24835FD16D12D74F07097727">>},
 {<<"lhttpc">>, <<"405E4F460D67FE8F43F0E6D64E4D168F8A5CFF3AD34D78114688753DAA80FBEB">>}]},
{pkg_hash_ext,[
 {<<"base16">>, <<"02AFD0827E61A7B07093873E063575CA3A2B07520567C7F8CEC7C5D42F052D76">>},
 {<<"eini">>, <<"6A5F2A2260CE76DB87981C0F93B4B6875051993934DE894A71E87E54F069BB7E">>},
 {<<"goldrush">>, <<"99CB4128CFFCB3227581E5D4D803D5413FA643F4EB96523F77D9E6937D994CEB">>},
 {<<"jsx">>, <<"A8BA15D5BAC2C48B2BE1224A0542AD794538D79E2CC16841A4E24CA75F0F8378">>},
 {<<"lhttpc">>, <<"30C6D95BE95B75CDE5E868EBCE6C50063B3035E6B1FB9C3080CF65905B3F210E">>}]}
].
